
Microsoft Visual Studio Solution File, Format Version 12.00
# Visual Studio Version 16
VisualStudioVersion = 16.0.30509.190
MinimumVisualStudioVersion = 10.0.40219.1
Project("{FAE04EC0-301F-11D3-BF4B-00C04F79EFBC}") = "Taxes", "Taxes.csproj", "{67D1AF6D-2AB4-4342-B6F5-2EB09F08B20C}"
EndProject
Global
	GlobalSection(SolutionConfigurationPlatforms) = preSolution
		Debug|Any CPU = Debug|Any CPU
		Release|Any CPU = Release|Any CPU
	EndGlobalSection
	GlobalSection(ProjectConfigurationPlatforms) = postSolution
		{67D1AF6D-2AB4-4342-B6F5-2EB09F08B20C}.Debug|Any CPU.ActiveCfg = Debug|Any CPU
		{67D1AF6D-2AB4-4342-B6F5-2EB09F08B20C}.Debug|Any CPU.Build.0 = Debug|Any CPU
		{67D1AF6D-2AB4-4342-B6F5-2EB09F08B20C}.Release|Any CPU.ActiveCfg = Release|Any CPU
		{67D1AF6D-2AB4-4342-B6F5-2EB09F08B20C}.Release|Any CPU.Build.0 = Release|Any CPU
	EndGlobalSection
	GlobalSection(SolutionProperties) = preSolution
		HideSolutionNode = FALSE
	EndGlobalSection
	GlobalSection(ExtensibilityGlobals) = postSolution
		SolutionGuid = {99FC2061-8A6A-4CCE-8C00-7B15FAB7EF5B}
	EndGlobalSection
EndGlobal
